PODS:
  - FBSnapshotTestCase (2.1.4):
    - FBSnapshotTestCase/SwiftSupport (= 2.1.4)
  - FBSnapshotTestCase/Core (2.1.4)
  - FBSnapshotTestCase/SwiftSupport (2.1.4):
    - FBSnapshotTestCase/Core
  - HCNetWorking (0.1.1)

DEPENDENCIES:
  - FBSnapshotTestCase
  - HCNetWorking (~> 0.1.1)

SPEC REPOS:
  https://github.com/cocoapods/specs.git:
    - FBSnapshotTestCase
    - HCNetWorking

SPEC CHECKSUMS:
  FBSnapshotTestCase: 094f9f314decbabe373b87cc339bea235a63e07a
  HCNetWorking: 7fd50f13dc1a764ef4113708726026fffa71e6c5

PODFILE CHECKSUM: 6ddfbbcaae92d81403beb13a9f621ef08039bd21

COCOAPODS: 1.5.2
